
Microsoft Visual Studio Solution File, Format Version 12.00
# Visual Studio Version 17
VisualStudioVersion = 17.0.31903.59
MinimumVisualStudioVersion = 10.0.40219.1
Project("{FAE04EC0-301F-11D3-BF4B-00C04F79EFBC}") = "Library_Api", "Library_Api\Library_Api.csproj", "{83B3A6B1-9A1B-4FCD-B6A5-1CB3FDD36AD9}"
EndProject
Project("{FAE04EC0-301F-11D3-BF4B-00C04F79EFBC}") = "Test", "Test\Test.csproj", "{2F6AEEBE-721A-4AEF-8F46-07E6D0EEB300}"
EndProject
Global
	GlobalSection(SolutionConfigurationPlatforms) = preSolution
		Debug|Any CPU = Debug|Any CPU
		Release|Any CPU = Release|Any CPU
	EndGlobalSection
	GlobalSection(SolutionProperties) = preSolution
		HideSolutionNode = FALSE
	EndGlobalSection
	GlobalSection(ProjectConfigurationPlatforms) = postSolution
		{83B3A6B1-9A1B-4FCD-B6A5-1CB3FDD36AD9}.Debug|Any CPU.ActiveCfg = Debug|Any CPU
		{83B3A6B1-9A1B-4FCD-B6A5-1CB3FDD36AD9}.Debug|Any CPU.Build.0 = Debug|Any CPU
		{83B3A6B1-9A1B-4FCD-B6A5-1CB3FDD36AD9}.Release|Any CPU.ActiveCfg = Release|Any CPU
		{83B3A6B1-9A1B-4FCD-B6A5-1CB3FDD36AD9}.Release|Any CPU.Build.0 = Release|Any CPU
		{2F6AEEBE-721A-4AEF-8F46-07E6D0EEB300}.Debug|Any CPU.ActiveCfg = Debug|Any CPU
		{2F6AEEBE-721A-4AEF-8F46-07E6D0EEB300}.Debug|Any CPU.Build.0 = Debug|Any CPU
		{2F6AEEBE-721A-4AEF-8F46-07E6D0EEB300}.Release|Any CPU.ActiveCfg = Release|Any CPU
		{2F6AEEBE-721A-4AEF-8F46-07E6D0EEB300}.Release|Any CPU.Build.0 = Release|Any CPU
	EndGlobalSection
EndGlobal
