
Microsoft Visual Studio Solution File, Format Version 12.00
# Visual Studio Version 17
VisualStudioVersion = 17.0.31903.59
MinimumVisualStudioVersion = 10.0.40219.1
Project("{FAE04EC0-301F-11D3-BF4B-00C04F79EFBC}") = "Livraria_Api", "Livraria_Api\Livraria_Api.csproj", "{6C041881-E1A7-461B-A23B-E9F00A7D79E3}"
EndProject
Project("{FAE04EC0-301F-11D3-BF4B-00C04F79EFBC}") = "Test", "Test\Test.csproj", "{CADF9F84-E92C-4268-A885-B79A2274252F}"
EndProject
Global
	GlobalSection(SolutionConfigurationPlatforms) = preSolution
		Debug|Any CPU = Debug|Any CPU
		Release|Any CPU = Release|Any CPU
	EndGlobalSection
	GlobalSection(SolutionProperties) = preSolution
		HideSolutionNode = FALSE
	EndGlobalSection
	GlobalSection(ProjectConfigurationPlatforms) = postSolution
		{6C041881-E1A7-461B-A23B-E9F00A7D79E3}.Debug|Any CPU.ActiveCfg = Debug|Any CPU
		{6C041881-E1A7-461B-A23B-E9F00A7D79E3}.Debug|Any CPU.Build.0 = Debug|Any CPU
		{6C041881-E1A7-461B-A23B-E9F00A7D79E3}.Release|Any CPU.ActiveCfg = Release|Any CPU
		{6C041881-E1A7-461B-A23B-E9F00A7D79E3}.Release|Any CPU.Build.0 = Release|Any CPU
		{CADF9F84-E92C-4268-A885-B79A2274252F}.Debug|Any CPU.ActiveCfg = Debug|Any CPU
		{CADF9F84-E92C-4268-A885-B79A2274252F}.Debug|Any CPU.Build.0 = Debug|Any CPU
		{CADF9F84-E92C-4268-A885-B79A2274252F}.Release|Any CPU.ActiveCfg = Release|Any CPU
		{CADF9F84-E92C-4268-A885-B79A2274252F}.Release|Any CPU.Build.0 = Release|Any CPU
	EndGlobalSection
EndGlobal
